
Microsoft Visual Studio Solution File, Format Version 12.00
Project("{FAE04EC0-301F-11D3-BF4B-00C04F79EFBC}") = "PhotoForge.Api", "PhotoForge.Api\PhotoForge.Api.csproj", "{095E6E8D-2B97-4D32-B907-2E464B63DB17}"
EndProject
Project("{2150E333-8FDC-42A3-9474-1A3956D46DE8}") = "tests", "tests", "{5111884E-DAFA-4261-A85B-1A825DB9AA88}"
EndProject
Global
	GlobalSection(SolutionConfigurationPlatforms) = preSolution
		Debug|Any CPU = Debug|Any CPU
		Release|Any CPU = Release|Any CPU
	EndGlobalSection
	GlobalSection(ProjectConfigurationPlatforms) = postSolution
		{095E6E8D-2B97-4D32-B907-2E464B63DB17}.Debug|Any CPU.ActiveCfg = Debug|Any CPU
		{095E6E8D-2B97-4D32-B907-2E464B63DB17}.Debug|Any CPU.Build.0 = Debug|Any CPU
		{095E6E8D-2B97-4D32-B907-2E464B63DB17}.Release|Any CPU.ActiveCfg = Release|Any CPU
		{095E6E8D-2B97-4D32-B907-2E464B63DB17}.Release|Any CPU.Build.0 = Release|Any CPU
	EndGlobalSection
EndGlobal
